
Microsoft Visual Studio Solution File, Format Version 12.00
# Visual Studio 15
VisualStudioVersion = 15.0.27703.2035
MinimumVisualStudioVersion = 10.0.40219.1
Project("{9A19103F-16F7-4668-BE54-9A1E7A4F7556}") = "FLS.ClientSide", "FLS.ClientSide\FLS.ClientSide.csproj", "{9EC5FB5D-AA4A-41EC-B439-1A573719610D}"
EndProject
Project("{FAE04EC0-301F-11D3-BF4B-00C04F79EFBC}") = "NDC.Connectivities.API", "NDC.Connectivities.API\NDC.Connectivities.API.csproj", "{BE85E6E1-A482-4712-8416-924D58F5D681}"
EndProject
Global
	GlobalSection(SolutionConfigurationPlatforms) = preSolution
		Debug|Any CPU = Debug|Any CPU
		Release|Any CPU = Release|Any CPU
	EndGlobalSection
	GlobalSection(ProjectConfigurationPlatforms) = postSolution
		{9EC5FB5D-AA4A-41EC-B439-1A573719610D}.Debug|Any CPU.ActiveCfg = Debug|Any CPU
		{9EC5FB5D-AA4A-41EC-B439-1A573719610D}.Debug|Any CPU.Build.0 = Debug|Any CPU
		{9EC5FB5D-AA4A-41EC-B439-1A573719610D}.Release|Any CPU.ActiveCfg = Release|Any CPU
		{9EC5FB5D-AA4A-41EC-B439-1A573719610D}.Release|Any CPU.Build.0 = Release|Any CPU
		{BE85E6E1-A482-4712-8416-924D58F5D681}.Debug|Any CPU.ActiveCfg = Debug|Any CPU
		{BE85E6E1-A482-4712-8416-924D58F5D681}.Debug|Any CPU.Build.0 = Debug|Any CPU
		{BE85E6E1-A482-4712-8416-924D58F5D681}.Release|Any CPU.ActiveCfg = Release|Any CPU
		{BE85E6E1-A482-4712-8416-924D58F5D681}.Release|Any CPU.Build.0 = Release|Any CPU
	EndGlobalSection
	GlobalSection(SolutionProperties) = preSolution
		HideSolutionNode = FALSE
	EndGlobalSection
	GlobalSection(ExtensibilityGlobals) = postSolution
		SolutionGuid = {C8A4B776-41B2-4B89-8B58-49FA4491137E}
	EndGlobalSection
EndGlobal
